// !$*UTF8*$!
{
	archiveVersion = 1;
	classes = {
	};
	objectVersion = 55;
	objects = {

/* Begin PBXBuildFile section */
		33022F9528C75EB900B155E8 /* AppDelegate.swift in Sources */ = {isa = PBXBuildFile; fileRef = 33022F9428C75EB900B155E8 /* AppDelegate.swift */; };
		33022F9728C75EB900B155E8 /* SceneDelegate.swift in Sources */ = {isa = PBXBuildFile; fileRef = 33022F9628C75EB900B155E8 /* SceneDelegate.swift */; };
		33022F9928C75EB900B155E8 /* ViewController.swift in Sources */ = {isa = PBXBuildFile; fileRef = 33022F9828C75EB900B155E8 /* ViewController.swift */; };
		33022F9C28C75EB900B155E8 /* Main.storyboard in Resources */ = {isa = PBXBuildFile; fileRef = 33022F9A28C75EB900B155E8 /* Main.storyboard */; };
		33022F9E28C75EBA00B155E8 /* Assets.xcassets in Resources */ = {isa = PBXBuildFile; fileRef = 33022F9D28C75EBA00B155E8 /* Assets.xcassets */; };
		33022FA128C75EBA00B155E8 /* LaunchScreen.storyboard in Resources */ = {isa = PBXBuildFile; fileRef = 33022F9F28C75EBA00B155E8 /* LaunchScreen.storyboard */; };
		33022FAC28C75EBA00B155E8 /* TicTacToeTests.swift in Sources */ = {isa = PBXBuildFile; fileRef = 33022FAB28C75EBA00B155E8 /* TicTacToeTests.swift */; };
		33022FB628C75EBA00B155E8 /* TicTacToeUITests.swift in Sources */ = {isa = PBXBuildFile; fileRef = 33022FB528C75EBA00B155E8 /* TicTacToeUITests.swift */; };
		33022FB828C75EBA00B155E8 /* TicTacToeUITestsLaunchTests.swift in Sources */ = {isa = PBXBuildFile; fileRef = 33022FB728C75EBA00B155E8 /* TicTacToeUITestsLaunchTests.swift */; };
		33022FC528C75FD100B155E8 /* TTTViewController.swift in Sources */ = {isa = PBXBuildFile; fileRef = 33022FC428C75FD100B155E8 /* TTTViewController.swift */; };
		33022FC928C7839B00B155E8 /* Player.swift in Sources */ = {isa = PBXBuildFile; fileRef = 33022FC828C7839B00B155E8 /* Player.swift */; };
		33022FCB28C7895C00B155E8 /* TTTFormViewController.swift in Sources */ = {isa = PBXBuildFile; fileRef = 33022FCA28C7895C00B155E8 /* TTTFormViewController.swift */; };
		33022FCD28C89BC800B155E8 /* Game.swift in Sources */ = {isa = PBXBuildFile; fileRef = 33022FCC28C89BC800B155E8 /* Game.swift */; };
/* End PBXBuildFile section */

/* Begin PBXContainerItemProxy section */
		33022FA828C75EBA00B155E8 /* PBXContainerItemProxy */ = {
			isa = PBXContainerItemProxy;
			containerPortal = 33022F8928C75EB900B155E8 /* Project object */;
			proxyType = 1;
			remoteGlobalIDString = 33022F9028C75EB900B155E8;
			remoteInfo = TicTacToe;
		};
		33022FB228C75EBA00B155E8 /* PBXContainerItemProxy */ = {
			isa = PBXContainerItemProxy;
			containerPortal = 33022F8928C75EB900B155E8 /* Project object */;
			proxyType = 1;
			remoteGlobalIDString = 33022F9028C75EB900B155E8;
			remoteInfo = TicTacToe;
		};
/* End PBXContainerItemProxy section */

/* Begin PBXFileReference section */
		33022F9128C75EB900B155E8 /* MiniGames.app */ = {isa = PBXFileReference; explicitFileType = wrapper.application; includeInIndex = 0; path = MiniGames.app; sourceTree = BUILT_PRODUCTS_DIR; };
		33022F9428C75EB900B155E8 /* AppDelegate.swift */ = {isa = PBXFileReference; lastKnownFileType = sourcecode.swift; path = AppDelegate.swift; sourceTree = "<group>"; };
		33022F9628C75EB900B155E8 /* SceneDelegate.swift */ = {isa = PBXFileReference; lastKnownFileType = sourcecode.swift; path = SceneDelegate.swift; sourceTree = "<group>"; };
		33022F9828C75EB900B155E8 /* ViewController.swift */ = {isa = PBXFileReference; lastKnownFileType = sourcecode.swift; path = ViewController.swift; sourceTree = "<group>"; };
		33022F9B28C75EB900B155E8 /* Base */ = {isa = PBXFileReference; lastKnownFileType = file.storyboard; name = Base; path = Base.lproj/Main.storyboard; sourceTree = "<group>"; };
		33022F9D28C75EBA00B155E8 /* Assets.xcassets */ = {isa = PBXFileReference; lastKnownFileType = folder.assetcatalog; path = Assets.xcassets; sourceTree = "<group>"; };
		33022FA028C75EBA00B155E8 /* Base */ = {isa = PBXFileReference; lastKnownFileType = file.storyboard; name = Base; path = Base.lproj/LaunchScreen.storyboard; sourceTree = "<group>"; };
		33022FA228C75EBA00B155E8 /* Info.plist */ = {isa = PBXFileReference; lastKnownFileType = text.plist.xml; path = Info.plist; sourceTree = "<group>"; };
		33022FA728C75EBA00B155E8 /* MiniGamesTests.xctest */ = {isa = PBXFileReference; explicitFileType = wrapper.cfbundle; includeInIndex = 0; path = MiniGamesTests.xctest; sourceTree = BUILT_PRODUCTS_DIR; };
		33022FAB28C75EBA00B155E8 /* TicTacToeTests.swift */ = {isa = PBXFileReference; lastKnownFileType = sourcecode.swift; path = TicTacToeTests.swift; sourceTree = "<group>"; };
		33022FB128C75EBA00B155E8 /* MiniGamesUITests.xctest */ = {isa = PBXFileReference; explicitFileType = wrapper.cfbundle; includeInIndex = 0; path = MiniGamesUITests.xctest; sourceTree = BUILT_PRODUCTS_DIR; };
		33022FB528C75EBA00B155E8 /* TicTacToeUITests.swift */ = {isa = PBXFileReference; lastKnownFileType = sourcecode.swift; path = TicTacToeUITests.swift; sourceTree = "<group>"; };
		33022FB728C75EBA00B155E8 /* TicTacToeUITestsLaunchTests.swift */ = {isa = PBXFileReference; lastKnownFileType = sourcecode.swift; path = TicTacToeUITestsLaunchTests.swift; sourceTree = "<group>"; };
		33022FC428C75FD100B155E8 /* TTTViewController.swift */ = {isa = PBXFileReference; lastKnownFileType = sourcecode.swift; path = TTTViewController.swift; sourceTree = "<group>"; };
		33022FC828C7839B00B155E8 /* Player.swift */ = {isa = PBXFileReference; lastKnownFileType = sourcecode.swift; path = Player.swift; sourceTree = "<group>"; };
		33022FCA28C7895C00B155E8 /* TTTFormViewController.swift */ = {isa = PBXFileReference; lastKnownFileType = sourcecode.swift; path = TTTFormViewController.swift; sourceTree = "<group>"; };
		33022FCC28C89BC800B155E8 /* Game.swift */ = {isa = PBXFileReference; lastKnownFileType = sourcecode.swift; path = Game.swift; sourceTree = "<group>"; };
/* End PBXFileReference section */

/* Begin PBXFrameworksBuildPhase section */
		33022F8E28C75EB900B155E8 /* Frameworks */ = {
			isa = PBXFrameworksBuildPhase;
			buildActionMask = 2147483647;
			files = (
			);
			runOnlyForDeploymentPostprocessing = 0;
		};
		33022FA428C75EBA00B155E8 /* Frameworks */ = {
			isa = PBXFrameworksBuildPhase;
			buildActionMask = 2147483647;
			files = (
			);
			runOnlyForDeploymentPostprocessing = 0;
		};
		33022FAE28C75EBA00B155E8 /* Frameworks */ = {
			isa = PBXFrameworksBuildPhase;
			buildActionMask = 2147483647;
			files = (
			);
			runOnlyForDeploymentPostprocessing = 0;
		};
/* End PBXFrameworksBuildPhase section */

/* Begin PBXGroup section */
		33022F8828C75EB900B155E8 = {
			isa = PBXGroup;
			children = (
				33022F9328C75EB900B155E8 /* TicTacToe */,
				33022FAA28C75EBA00B155E8 /* TicTacToeTests */,
				33022FB428C75EBA00B155E8 /* TicTacToeUITests */,
				33022F9228C75EB900B155E8 /* Products */,
			);
			sourceTree = "<group>";
		};
		33022F9228C75EB900B155E8 /* Products */ = {
			isa = PBXGroup;
			children = (
				33022F9128C75EB900B155E8 /* MiniGames.app */,
				33022FA728C75EBA00B155E8 /* MiniGamesTests.xctest */,
				33022FB128C75EBA00B155E8 /* MiniGamesUITests.xctest */,
			);
			name = Products;
			sourceTree = "<group>";
		};
		33022F9328C75EB900B155E8 /* TicTacToe */ = {
			isa = PBXGroup;
			children = (
				33022FC728C7833100B155E8 /* ViewController */,
				33022FC628C7832500B155E8 /* Model */,
				33022F9428C75EB900B155E8 /* AppDelegate.swift */,
				33022F9628C75EB900B155E8 /* SceneDelegate.swift */,
				33022F9A28C75EB900B155E8 /* Main.storyboard */,
				33022F9D28C75EBA00B155E8 /* Assets.xcassets */,
				33022F9F28C75EBA00B155E8 /* LaunchScreen.storyboard */,
				33022FA228C75EBA00B155E8 /* Info.plist */,
			);
			path = TicTacToe;
			sourceTree = "<group>";
		};
		33022FAA28C75EBA00B155E8 /* TicTacToeTests */ = {
			isa = PBXGroup;
			children = (
				33022FAB28C75EBA00B155E8 /* TicTacToeTests.swift */,
			);
			path = TicTacToeTests;
			sourceTree = "<group>";
		};
		33022FB428C75EBA00B155E8 /* TicTacToeUITests */ = {
			isa = PBXGroup;
			children = (
				33022FB528C75EBA00B155E8 /* TicTacToeUITests.swift */,
				33022FB728C75EBA00B155E8 /* TicTacToeUITestsLaunchTests.swift */,
			);
			path = TicTacToeUITests;
			sourceTree = "<group>";
		};
		33022FC628C7832500B155E8 /* Model */ = {
			isa = PBXGroup;
			children = (
				33022FC828C7839B00B155E8 /* Player.swift */,
				33022FCC28C89BC800B155E8 /* Game.swift */,
			);
			path = Model;
			sourceTree = "<group>";
		};
		33022FC728C7833100B155E8 /* ViewController */ = {
			isa = PBXGroup;
			children = (
				33022F9828C75EB900B155E8 /* ViewController.swift */,
				33022FC428C75FD100B155E8 /* TTTViewController.swift */,
				33022FCA28C7895C00B155E8 /* TTTFormViewController.swift */,
			);
			path = ViewController;
			sourceTree = "<group>";
		};
/* End PBXGroup section */

/* Begin PBXNativeTarget section */
		33022F9028C75EB900B155E8 /* MiniGames */ = {
			isa = PBXNativeTarget;
			buildConfigurationList = 33022FBB28C75EBA00B155E8 /* Build configuration list for PBXNativeTarget "MiniGames" */;
			buildPhases = (
				33022F8D28C75EB900B155E8 /* Sources */,
				33022F8E28C75EB900B155E8 /* Frameworks */,
				33022F8F28C75EB900B155E8 /* Resources */,
			);
			buildRules = (
			);
			dependencies = (
			);
			name = MiniGames;
			productName = TicTacToe;
			productReference = 33022F9128C75EB900B155E8 /* MiniGames.app */;
			productType = "com.apple.product-type.application";
		};
		33022FA628C75EBA00B155E8 /* MiniGamesTests */ = {
			isa = PBXNativeTarget;
			buildConfigurationList = 33022FBE28C75EBA00B155E8 /* Build configuration list for PBXNativeTarget "MiniGamesTests" */;
			buildPhases = (
				33022FA328C75EBA00B155E8 /* Sources */,
				33022FA428C75EBA00B155E8 /* Frameworks */,
				33022FA528C75EBA00B155E8 /* Resources */,
			);
			buildRules = (
			);
			dependencies = (
				33022FA928C75EBA00B155E8 /* PBXTargetDependency */,
			);
			name = MiniGamesTests;
			productName = TicTacToeTests;
			productReference = 33022FA728C75EBA00B155E8 /* MiniGamesTests.xctest */;
			productType = "com.apple.product-type.bundle.unit-test";
		};
		33022FB028C75EBA00B155E8 /* MiniGamesUITests */ = {
			isa = PBXNativeTarget;
			buildConfigurationList = 33022FC128C75EBA00B155E8 /* Build configuration list for PBXNativeTarget "MiniGamesUITests" */;
			buildPhases = (
				33022FAD28C75EBA00B155E8 /* Sources */,
				33022FAE28C75EBA00B155E8 /* Frameworks */,
				33022FAF28C75EBA00B155E8 /* Resources */,
			);
			buildRules = (
			);
			dependencies = (
				33022FB328C75EBA00B155E8 /* PBXTargetDependency */,
			);
			name = MiniGamesUITests;
			productName = TicTacToeUITests;
			productReference = 33022FB128C75EBA00B155E8 /* MiniGamesUITests.xctest */;
			productType = "com.apple.product-type.bundle.ui-testing";
		};
/* End PBXNativeTarget section */

/* Begin PBXProject section */
		33022F8928C75EB900B155E8 /* Project object */ = {
			isa = PBXProject;
			attributes = {
				BuildIndependentTargetsInParallel = 1;
				LastSwiftUpdateCheck = 1340;
				LastUpgradeCheck = 1340;
				TargetAttributes = {
					33022F9028C75EB900B155E8 = {
						CreatedOnToolsVersion = 13.4.1;
					};
					33022FA628C75EBA00B155E8 = {
						CreatedOnToolsVersion = 13.4.1;
						TestTargetID = 33022F9028C75EB900B155E8;
					};
					33022FB028C75EBA00B155E8 = {
						CreatedOnToolsVersion = 13.4.1;
						TestTargetID = 33022F9028C75EB900B155E8;
					};
				};
			};
			buildConfigurationList = 33022F8C28C75EB900B155E8 /* Build configuration list for PBXProject "MiniGames" */;
			compatibilityVersion = "Xcode 13.0";
			developmentRegion = en;
			hasScannedForEncodings = 0;
			knownRegions = (
				en,
				Base,
			);
			mainGroup = 33022F8828C75EB900B155E8;
			productRefGroup = 33022F9228C75EB900B155E8 /* Products */;
			projectDirPath = "";
			projectRoot = "";
			targets = (
				33022F9028C75EB900B155E8 /* MiniGames */,
				33022FA628C75EBA00B155E8 /* MiniGamesTests */,
				33022FB028C75EBA00B155E8 /* MiniGamesUITests */,
			);
		};
/* End PBXProject section */

/* Begin PBXResourcesBuildPhase section */
		33022F8F28C75EB900B155E8 /* Resources */ = {
			isa = PBXResourcesBuildPhase;
			buildActionMask = 2147483647;
			files = (
				33022FA128C75EBA00B155E8 /* LaunchScreen.storyboard in Resources */,
				33022F9E28C75EBA00B155E8 /* Assets.xcassets in Resources */,
				33022F9C28C75EB900B155E8 /* Main.storyboard in Resources */,
			);
			runOnlyForDeploymentPostprocessing = 0;
		};
		33022FA528C75EBA00B155E8 /* Resources */ = {
			isa = PBXResourcesBuildPhase;
			buildActionMask = 2147483647;
			files = (
			);
			runOnlyForDeploymentPostprocessing = 0;
		};
		33022FAF28C75EBA00B155E8 /* Resources */ = {
			isa = PBXResourcesBuildPhase;
			buildActionMask = 2147483647;
			files = (
			);
			runOnlyForDeploymentPostprocessing = 0;
		};
/* End PBXResourcesBuildPhase section */

/* Begin PBXSourcesBuildPhase section */
		33022F8D28C75EB900B155E8 /* Sources */ = {
			isa = PBXSourcesBuildPhase;
			buildActionMask = 2147483647;
			files = (
				33022FCB28C7895C00B155E8 /* TTTFormViewController.swift in Sources */,
				33022F9928C75EB900B155E8 /* ViewController.swift in Sources */,
				33022FC528C75FD100B155E8 /* TTTViewController.swift in Sources */,
				33022FCD28C89BC800B155E8 /* Game.swift in Sources */,
				33022F9528C75EB900B155E8 /* AppDelegate.swift in Sources */,
				33022FC928C7839B00B155E8 /* Player.swift in Sources */,
				33022F9728C75EB900B155E8 /* SceneDelegate.swift in Sources */,
			);
			runOnlyForDeploymentPostprocessing = 0;
		};
		33022FA328C75EBA00B155E8 /* Sources */ = {
			isa = PBXSourcesBuildPhase;
			buildActionMask = 2147483647;
			files = (
				33022FAC28C75EBA00B155E8 /* TicTacToeTests.swift in Sources */,
			);
			runOnlyForDeploymentPostprocessing = 0;
		};
		33022FAD28C75EBA00B155E8 /* Sources */ = {
			isa = PBXSourcesBuildPhase;
			buildActionMask = 2147483647;
			files = (
				33022FB628C75EBA00B155E8 /* TicTacToeUITests.swift in Sources */,
				33022FB828C75EBA00B155E8 /* TicTacToeUITestsLaunchTests.swift in Sources */,
			);
			runOnlyForDeploymentPostprocessing = 0;
		};
/* End PBXSourcesBuildPhase section */

/* Begin PBXTargetDependency section */
		33022FA928C75EBA00B155E8 /* PBXTargetDependency */ = {
			isa = PBXTargetDependency;
			target = 33022F9028C75EB900B155E8 /* MiniGames */;
			targetProxy = 33022FA828C75EBA00B155E8 /* PBXContainerItemProxy */;
		};
		33022FB328C75EBA00B155E8 /* PBXTargetDependency */ = {
			isa = PBXTargetDependency;
			target = 33022F9028C75EB900B155E8 /* MiniGames */;
			targetProxy = 33022FB228C75EBA00B155E8 /* PBXContainerItemProxy */;
		};
/* End PBXTargetDependency section */

/* Begin PBXVariantGroup section */
		33022F9A28C75EB900B155E8 /* Main.storyboard */ = {
			isa = PBXVariantGroup;
			children = (
				33022F9B28C75EB900B155E8 /* Base */,
			);
			name = Main.storyboard;
			sourceTree = "<group>";
		};
		33022F9F28C75EBA00B155E8 /* LaunchScreen.storyboard */ = {
			isa = PBXVariantGroup;
			children = (
				33022FA028C75EBA00B155E8 /* Base */,
			);
			name = LaunchScreen.storyboard;
			sourceTree = "<group>";
		};
/* End PBXVariantGroup section */

/* Begin XCBuildConfiguration section */
		33022FB928C75EBA00B155E8 /* Debug */ = {
			isa = XCBuildConfiguration;
			buildSettings = {
				ALWAYS_SEARCH_USER_PATHS = NO;
				CLANG_ANALYZER_NONNULL = YES;
				CLANG_ANALYZER_NUMBER_OBJECT_CONVERSION = YES_AGGRESSIVE;
				CLANG_CXX_LANGUAGE_STANDARD = "gnu++17";
				CLANG_ENABLE_MODULES = YES;
				CLANG_ENABLE_OBJC_ARC = YES;
				CLANG_ENABLE_OBJC_WEAK = YES;
				CLANG_WARN_BLOCK_CAPTURE_AUTORELEASING = YES;
				CLANG_WARN_BOOL_CONVERSION = YES;
				CLANG_WARN_COMMA = YES;
				CLANG_WARN_CONSTANT_CONVERSION = YES;
				CLANG_WARN_DEPRECATED_OBJC_IMPLEMENTATIONS = YES;
				CLANG_WARN_DIRECT_OBJC_ISA_USAGE = YES_ERROR;
				CLANG_WARN_DOCUMENTATION_COMMENTS = YES;
				CLANG_WARN_EMPTY_BODY = YES;
				CLANG_WARN_ENUM_CONVERSION = YES;
				CLANG_WARN_INFINITE_RECURSION = YES;
				CLANG_WARN_INT_CONVERSION = YES;
				CLANG_WARN_NON_LITERAL_NULL_CONVERSION = YES;
				CLANG_WARN_OBJC_IMPLICIT_RETAIN_SELF = YES;
				CLANG_WARN_OBJC_LITERAL_CONVERSION = YES;
				CLANG_WARN_OBJC_ROOT_CLASS = YES_ERROR;
				CLANG_WARN_QUOTED_INCLUDE_IN_FRAMEWORK_HEADER = YES;
				CLANG_WARN_RANGE_LOOP_ANALYSIS = YES;
				CLANG_WARN_STRICT_PROTOTYPES = YES;
				CLANG_WARN_SUSPICIOUS_MOVE = YES;
				CLANG_WARN_UNGUARDED_AVAILABILITY = YES_AGGRESSIVE;
				CLANG_WARN_UNREACHABLE_CODE = YES;
				CLANG_WARN__DUPLICATE_METHOD_MATCH = YES;
				COPY_PHASE_STRIP = NO;
				DEBUG_INFORMATION_FORMAT = dwarf;
				ENABLE_STRICT_OBJC_MSGSEND = YES;
				ENABLE_TESTABILITY = YES;
				GCC_C_LANGUAGE_STANDARD = gnu11;
				GCC_DYNAMIC_NO_PIC = NO;
				GCC_NO_COMMON_BLOCKS = YES;
				GCC_OPTIMIZATION_LEVEL = 0;
				GCC_PREPROCESSOR_DEFINITIONS = (
					"DEBUG=1",
					"$(inherited)",
				);
				GCC_WARN_64_TO_32_BIT_CONVERSION = YES;
				GCC_WARN_ABOUT_RETURN_TYPE = YES_ERROR;
				GCC_WARN_UNDECLARED_SELECTOR = YES;
				GCC_WARN_UNINITIALIZED_AUTOS = YES_AGGRESSIVE;
				GCC_WARN_UNUSED_FUNCTION = YES;
				GCC_WARN_UNUSED_VARIABLE = YES;
				IPHONEOS_DEPLOYMENT_TARGET = 15.5;
				MTL_ENABLE_DEBUG_INFO = INCLUDE_SOURCE;
				MTL_FAST_MATH = YES;
				ONLY_ACTIVE_ARCH = YES;
				SDKROOT = iphoneos;
				SWIFT_ACTIVE_COMPILATION_CONDITIONS = DEBUG;
				SWIFT_OPTIMIZATION_LEVEL = "-Onone";
			};
			name = Debug;
		};
		33022FBA28C75EBA00B155E8 /* Release */ = {
			isa = XCBuildConfiguration;
			buildSettings = {
				ALWAYS_SEARCH_USER_PATHS = NO;
				CLANG_ANALYZER_NONNULL = YES;
				CLANG_ANALYZER_NUMBER_OBJECT_CONVERSION = YES_AGGRESSIVE;
				CLANG_CXX_LANGUAGE_STANDARD = "gnu++17";
				CLANG_ENABLE_MODULES = YES;
				CLANG_ENABLE_OBJC_ARC = YES;
				CLANG_ENABLE_OBJC_WEAK = YES;
				CLANG_WARN_BLOCK_CAPTURE_AUTORELEASING = YES;
				CLANG_WARN_BOOL_CONVERSION = YES;
				CLANG_WARN_COMMA = YES;
				CLANG_WARN_CONSTANT_CONVERSION = YES;
				CLANG_WARN_DEPRECATED_OBJC_IMPLEMENTATIONS = YES;
				CLANG_WARN_DIRECT_OBJC_ISA_USAGE = YES_ERROR;
				CLANG_WARN_DOCUMENTATION_COMMENTS = YES;
				CLANG_WARN_EMPTY_BODY = YES;
				CLANG_WARN_ENUM_CONVERSION = YES;
				CLANG_WARN_INFINITE_RECURSION = YES;
				CLANG_WARN_INT_CONVERSION = YES;
				CLANG_WARN_NON_LITERAL_NULL_CONVERSION = YES;
				CLANG_WARN_OBJC_IMPLICIT_RETAIN_SELF = YES;
				CLANG_WARN_OBJC_LITERAL_CONVERSION = YES;
				CLANG_WARN_OBJC_ROOT_CLASS = YES_ERROR;
				CLANG_WARN_QUOTED_INCLUDE_IN_FRAMEWORK_HEADER = YES;
				CLANG_WARN_RANGE_LOOP_ANALYSIS = YES;
				CLANG_WARN_STRICT_PROTOTYPES = YES;
				CLANG_WARN_SUSPICIOUS_MOVE = YES;
				CLANG_WARN_UNGUARDED_AVAILABILITY = YES_AGGRESSIVE;
				CLANG_WARN_UNREACHABLE_CODE = YES;
				CLANG_WARN__DUPLICATE_METHOD_MATCH = YES;
				COPY_PHASE_STRIP = NO;
				DEBUG_INFORMATION_FORMAT = "dwarf-with-dsym";
				ENABLE_NS_ASSERTIONS = NO;
				ENABLE_STRICT_OBJC_MSGSEND = YES;
				GCC_C_LANGUAGE_STANDARD = gnu11;
				GCC_NO_COMMON_BLOCKS = YES;
				GCC_WARN_64_TO_32_BIT_CONVERSION = YES;
				GCC_WARN_ABOUT_RETURN_TYPE = YES_ERROR;
				GCC_WARN_UNDECLARED_SELECTOR = YES;
				GCC_WARN_UNINITIALIZED_AUTOS = YES_AGGRESSIVE;
				GCC_WARN_UNUSED_FUNCTION = YES;
				GCC_WARN_UNUSED_VARIABLE = YES;
				IPHONEOS_DEPLOYMENT_TARGET = 15.5;
				MTL_ENABLE_DEBUG_INFO = NO;
				MTL_FAST_MATH = YES;
				SDKROOT = iphoneos;
				SWIFT_COMPILATION_MODE = wholemodule;
				SWIFT_OPTIMIZATION_LEVEL = "-O";
				VALIDATE_PRODUCT = YES;
			};
			name = Release;
		};
		33022FBC28C75EBA00B155E8 /* Debug */ = {
			isa = XCBuildConfiguration;
			buildSettings = {
				ASSETCATALOG_COMPILER_APPICON_NAME = AppIcon;
				ASSETCATALOG_COMPILER_GLOBAL_ACCENT_COLOR_NAME = AccentColor;
				CODE_SIGN_STYLE = Automatic;
				CURRENT_PROJECT_VERSION = 1;
				DEVELOPMENT_TEAM = 8Z2SQL9F4K;
				GENERATE_INFOPLIST_FILE = YES;
				INFOPLIST_FILE = TicTacToe/Info.plist;
				INFOPLIST_KEY_UIApplicationSupportsIndirectInputEvents = YES;
				INFOPLIST_KEY_UILaunchStoryboardName = LaunchScreen;
				INFOPLIST_KEY_UIMainStoryboardFile = Main;
				INFOPLIST_KEY_UISupportedInterfaceOrientations_iPad = "UIInterfaceOrientationPortrait UIInterfaceOrientationPortraitUpsideDown UIInterfaceOrientationLandscapeLeft UIInterfaceOrientationLandscapeRight";
				INFOPLIST_KEY_UISupportedInterfaceOrientations_iPhone = "UIInterfaceOrientationPortrait UIInterfaceOrientationLandscapeLeft UIInterfaceOrientationLandscapeRight";
				LD_RUNPATH_SEARCH_PATHS = (
					"$(inherited)",
					"@executable_path/Frameworks",
				);
				MARKETING_VERSION = 1.0;
				PRODUCT_BUNDLE_IDENTIFIER = SaimanChen.TicTacToe;
				PRODUCT_NAME = "$(TARGET_NAME)";
				SWIFT_EMIT_LOC_STRINGS = YES;
				SWIFT_VERSION = 5.0;
				TARGETED_DEVICE_FAMILY = "1,2";
			};
			name = Debug;
		};
		33022FBD28C75EBA00B155E8 /* Release */ = {
			isa = XCBuildConfiguration;
			buildSettings = {
				ASSETCATALOG_COMPILER_APPICON_NAME = AppIcon;
				ASSETCATALOG_COMPILER_GLOBAL_ACCENT_COLOR_NAME = AccentColor;
				CODE_SIGN_STYLE = Automatic;
				CURRENT_PROJECT_VERSION = 1;
				DEVELOPMENT_TEAM = 8Z2SQL9F4K;
				GENERATE_INFOPLIST_FILE = YES;
				INFOPLIST_FILE = TicTacToe/Info.plist;
				INFOPLIST_KEY_UIApplicationSupportsIndirectInputEvents = YES;
				INFOPLIST_KEY_UILaunchStoryboardName = LaunchScreen;
				INFOPLIST_KEY_UIMainStoryboardFile = Main;
				INFOPLIST_KEY_UISupportedInterfaceOrientations_iPad = "UIInterfaceOrientationPortrait UIInterfaceOrientationPortraitUpsideDown UIInterfaceOrientationLandscapeLeft UIInterfaceOrientationLandscapeRight";
				INFOPLIST_KEY_UISupportedInterfaceOrientations_iPhone = "UIInterfaceOrientationPortrait UIInterfaceOrientationLandscapeLeft UIInterfaceOrientationLandscapeRight";
				LD_RUNPATH_SEARCH_PATHS = (
					"$(inherited)",
					"@executable_path/Frameworks",
				);
				MARKETING_VERSION = 1.0;
				PRODUCT_BUNDLE_IDENTIFIER = SaimanChen.TicTacToe;
				PRODUCT_NAME = "$(TARGET_NAME)";
				SWIFT_EMIT_LOC_STRINGS = YES;
				SWIFT_VERSION = 5.0;
				TARGETED_DEVICE_FAMILY = "1,2";
			};
			name = Release;
		};
		33022FBF28C75EBA00B155E8 /* Debug */ = {
			isa = XCBuildConfiguration;
			buildSettings = {
				ALWAYS_EMBED_SWIFT_STANDARD_LIBRARIES = YES;
				BUNDLE_LOADER = "$(TEST_HOST)";
				CODE_SIGN_STYLE = Automatic;
				CURRENT_PROJECT_VERSION = 1;
				DEVELOPMENT_TEAM = 8Z2SQL9F4K;
				GENERATE_INFOPLIST_FILE = YES;
				IPHONEOS_DEPLOYMENT_TARGET = 15.5;
				MARKETING_VERSION = 1.0;
				PRODUCT_BUNDLE_IDENTIFIER = SaimanChen.TicTacToeTests;
				PRODUCT_NAME = "$(TARGET_NAME)";
				SWIFT_EMIT_LOC_STRINGS = NO;
				SWIFT_VERSION = 5.0;
				TARGETED_DEVICE_FAMILY = "1,2";
				TEST_HOST = "$(BUILT_PRODUCTS_DIR)/MiniGames.app/MiniGames";
			};
			name = Debug;
		};
		33022FC028C75EBA00B155E8 /* Release */ = {
			isa = XCBuildConfiguration;
			buildSettings = {
				ALWAYS_EMBED_SWIFT_STANDARD_LIBRARIES = YES;
				BUNDLE_LOADER = "$(TEST_HOST)";
				CODE_SIGN_STYLE = Automatic;
				CURRENT_PROJECT_VERSION = 1;
				DEVELOPMENT_TEAM = 8Z2SQL9F4K;
				GENERATE_INFOPLIST_FILE = YES;
				IPHONEOS_DEPLOYMENT_TARGET = 15.5;
				MARKETING_VERSION = 1.0;
				PRODUCT_BUNDLE_IDENTIFIER = SaimanChen.TicTacToeTests;
				PRODUCT_NAME = "$(TARGET_NAME)";
				SWIFT_EMIT_LOC_STRINGS = NO;
				SWIFT_VERSION = 5.0;
				TARGETED_DEVICE_FAMILY = "1,2";
				TEST_HOST = "$(BUILT_PRODUCTS_DIR)/MiniGames.app/MiniGames";
			};
			name = Release;
		};
		33022FC228C75EBA00B155E8 /* Debug */ = {
			isa = XCBuildConfiguration;
			buildSettings = {
				ALWAYS_EMBED_SWIFT_STANDARD_LIBRARIES = YES;
				CODE_SIGN_STYLE = Automatic;
				CURRENT_PROJECT_VERSION = 1;
				DEVELOPMENT_TEAM = 8Z2SQL9F4K;
				GENERATE_INFOPLIST_FILE = YES;
				MARKETING_VERSION = 1.0;
				PRODUCT_BUNDLE_IDENTIFIER = SaimanChen.TicTacToeUITests;
				PRODUCT_NAME = "$(TARGET_NAME)";
				SWIFT_EMIT_LOC_STRINGS = NO;
				SWIFT_VERSION = 5.0;
				TARGETED_DEVICE_FAMILY = "1,2";
				TEST_TARGET_NAME = TicTacToe;
			};
			name = Debug;
		};
		33022FC328C75EBA00B155E8 /* Release */ = {
			isa = XCBuildConfiguration;
			buildSettings = {
				ALWAYS_EMBED_SWIFT_STANDARD_LIBRARIES = YES;
				CODE_SIGN_STYLE = Automatic;
				CURRENT_PROJECT_VERSION = 1;
				DEVELOPMENT_TEAM = 8Z2SQL9F4K;
				GENERATE_INFOPLIST_FILE = YES;
				MARKETING_VERSION = 1.0;
				PRODUCT_BUNDLE_IDENTIFIER = SaimanChen.TicTacToeUITests;
				PRODUCT_NAME = "$(TARGET_NAME)";
				SWIFT_EMIT_LOC_STRINGS = NO;
				SWIFT_VERSION = 5.0;
				TARGETED_DEVICE_FAMILY = "1,2";
				TEST_TARGET_NAME = TicTacToe;
			};
			name = Release;
		};
/* End XCBuildConfiguration section */

/* Begin XCConfigurationList section */
		33022F8C28C75EB900B155E8 /* Build configuration list for PBXProject "MiniGames" */ = {
			isa = XCConfigurationList;
			buildConfigurations = (
				33022FB928C75EBA00B155E8 /* Debug */,
				33022FBA28C75EBA00B155E8 /* Release */,
			);
			defaultConfigurationIsVisible = 0;
			defaultConfigurationName = Release;
		};
		33022FBB28C75EBA00B155E8 /* Build configuration list for PBXNativeTarget "MiniGames" */ = {
			isa = XCConfigurationList;
			buildConfigurations = (
				33022FBC28C75EBA00B155E8 /* Debug */,
				33022FBD28C75EBA00B155E8 /* Release */,
			);
			defaultConfigurationIsVisible = 0;
			defaultConfigurationName = Release;
		};
		33022FBE28C75EBA00B155E8 /* Build configuration list for PBXNativeTarget "MiniGamesTests" */ = {
			isa = XCConfigurationList;
			buildConfigurations = (
				33022FBF28C75EBA00B155E8 /* Debug */,
				33022FC028C75EBA00B155E8 /* Release */,
			);
			defaultConfigurationIsVisible = 0;
			defaultConfigurationName = Release;
		};
		33022FC128C75EBA00B155E8 /* Build configuration list for PBXNativeTarget "MiniGamesUITests" */ = {
			isa = XCConfigurationList;
			buildConfigurations = (
				33022FC228C75EBA00B155E8 /* Debug */,
				33022FC328C75EBA00B155E8 /* Release */,
			);
			defaultConfigurationIsVisible = 0;
			defaultConfigurationName = Release;
		};
/* End XCConfigurationList section */
	};
	rootObject = 33022F8928C75EB900B155E8 /* Project object */;
}
